
Microsoft Visual Studio Solution File, Format Version 12.00
# Visual Studio 15
VisualStudioVersion = 15.0.26730.16
MinimumVisualStudioVersion = 10.0.40219.1
Project("{9A19103F-16F7-4668-BE54-9A1E7A4F7556}") = "NReco.Text.AhoCorasickDoubleArrayTrie", "src\NReco.Text.AhoCorasickDoubleArrayTrie\NReco.Text.AhoCorasickDoubleArrayTrie.csproj", "{50EC2414-89CA-4D43-8FBE-A7071EE38D30}"
EndProject
Project("{9A19103F-16F7-4668-BE54-9A1E7A4F7556}") = "NReco.Text.AhoCorasickDoubleArrayTrie.Tests", "test\NReco.Text.AhoCorasickDoubleArrayTrie.Tests\NReco.Text.AhoCorasickDoubleArrayTrie.Tests.csproj", "{0EE94659-D622-424B-996A-6534F98D0C7E}"
EndProject
Global
	GlobalSection(SolutionConfigurationPlatforms) = preSolution
		Debug|Any CPU = Debug|Any CPU
		Release|Any CPU = Release|Any CPU
	EndGlobalSection
	GlobalSection(ProjectConfigurationPlatforms) = postSolution
		{50EC2414-89CA-4D43-8FBE-A7071EE38D30}.Debug|Any CPU.ActiveCfg = Debug|Any CPU
		{50EC2414-89CA-4D43-8FBE-A7071EE38D30}.Debug|Any CPU.Build.0 = Debug|Any CPU
		{50EC2414-89CA-4D43-8FBE-A7071EE38D30}.Release|Any CPU.ActiveCfg = Release|Any CPU
		{50EC2414-89CA-4D43-8FBE-A7071EE38D30}.Release|Any CPU.Build.0 = Release|Any CPU
		{0EE94659-D622-424B-996A-6534F98D0C7E}.Debug|Any CPU.ActiveCfg = Debug|Any CPU
		{0EE94659-D622-424B-996A-6534F98D0C7E}.Debug|Any CPU.Build.0 = Debug|Any CPU
		{0EE94659-D622-424B-996A-6534F98D0C7E}.Release|Any CPU.ActiveCfg = Release|Any CPU
		{0EE94659-D622-424B-996A-6534F98D0C7E}.Release|Any CPU.Build.0 = Release|Any CPU
	EndGlobalSection
	GlobalSection(SolutionProperties) = preSolution
		HideSolutionNode = FALSE
	EndGlobalSection
	GlobalSection(ExtensibilityGlobals) = postSolution
		SolutionGuid = {96F5B226-67DF-41EC-9670-9E6437CD13AA}
	EndGlobalSection
EndGlobal
